
Microsoft Visual Studio Solution File, Format Version 12.00
# Visual Studio Version 16
VisualStudioVersion = 16.0.31829.152
MinimumVisualStudioVersion = 10.0.40219.1
Project("{FAE04EC0-301F-11D3-BF4B-00C04F79EFBC}") = "lab22", "lab22\lab22.csproj", "{FA6580F5-5EB2-4A88-80FB-02B423A5D403}"
EndProject
Global
	GlobalSection(SolutionConfigurationPlatforms) = preSolution
		Debug|Any CPU = Debug|Any CPU
		Release|Any CPU = Release|Any CPU
	EndGlobalSection
	GlobalSection(ProjectConfigurationPlatforms) = postSolution
		{FA6580F5-5EB2-4A88-80FB-02B423A5D403}.Debug|Any CPU.ActiveCfg = Debug|Any CPU
		{FA6580F5-5EB2-4A88-80FB-02B423A5D403}.Debug|Any CPU.Build.0 = Debug|Any CPU
		{FA6580F5-5EB2-4A88-80FB-02B423A5D403}.Release|Any CPU.ActiveCfg = Release|Any CPU
		{FA6580F5-5EB2-4A88-80FB-02B423A5D403}.Release|Any CPU.Build.0 = Release|Any CPU
	EndGlobalSection
	GlobalSection(SolutionProperties) = preSolution
		HideSolutionNode = FALSE
	EndGlobalSection
	GlobalSection(ExtensibilityGlobals) = postSolution
		SolutionGuid = {720FB07C-5D84-4D37-90D0-9561670F4A6E}
	EndGlobalSection
EndGlobal
